// !$*UTF8*$!
{
	archiveVersion = 1;
	classes = {
	};
	objectVersion = 50;
	objects = {

/* Begin PBXBuildFile section */
		E0C1859E237F666800AD9983 /* AppDelegate.swift in Sources */ = {isa = PBXBuildFile; fileRef = E0C1859D237F666800AD9983 /* AppDelegate.swift */; };
		E0C185A0237F666800AD9983 /* SceneDelegate.swift in Sources */ = {isa = PBXBuildFile; fileRef = E0C1859F237F666800AD9983 /* SceneDelegate.swift */; };
		E0C185A2237F666800AD9983 /* ViewController.swift in Sources */ = {isa = PBXBuildFile; fileRef = E0C185A1237F666800AD9983 /* ViewController.swift */; };
		E0C185A5237F666800AD9983 /* Main.storyboard in Resources */ = {isa = PBXBuildFile; fileRef = E0C185A3237F666800AD9983 /* Main.storyboard */; };
		E0C185A7237F666900AD9983 /* Assets.xcassets in Resources */ = {isa = PBXBuildFile; fileRef = E0C185A6237F666900AD9983 /* Assets.xcassets */; };
		E0C185AA237F666900AD9983 /* LaunchScreen.storyboard in Resources */ = {isa = PBXBuildFile; fileRef = E0C185A8237F666900AD9983 /* LaunchScreen.storyboard */; };
		E0C185B5237F666900AD9983 /* HelloCameraTests.swift in Sources */ = {isa = PBXBuildFile; fileRef = E0C185B4237F666900AD9983 /* HelloCameraTests.swift */; };
/* End PBXBuildFile section */

/* Begin PBXContainerItemProxy section */
		E0C185B1237F666900AD9983 /* PBXContainerItemProxy */ = {
			isa = PBXContainerItemProxy;
			containerPortal = E0C18592237F666800AD9983 /* Project object */;
			proxyType = 1;
			remoteGlobalIDString = E0C18599237F666800AD9983;
			remoteInfo = HelloCamera;
		};
/* End PBXContainerItemProxy section */

/* Begin PBXFileReference section */
		E0C1859A237F666800AD9983 /* HelloCamera.app */ = {isa = PBXFileReference; explicitFileType = wrapper.application; includeInIndex = 0; path = HelloCamera.app; sourceTree = BUILT_PRODUCTS_DIR; };
		E0C1859D237F666800AD9983 /* AppDelegate.swift */ = {isa = PBXFileReference; lastKnownFileType = sourcecode.swift; path = AppDelegate.swift; sourceTree = "<group>"; };
		E0C1859F237F666800AD9983 /* SceneDelegate.swift */ = {isa = PBXFileReference; lastKnownFileType = sourcecode.swift; path = SceneDelegate.swift; sourceTree = "<group>"; };
		E0C185A1237F666800AD9983 /* ViewController.swift */ = {isa = PBXFileReference; lastKnownFileType = sourcecode.swift; path = ViewController.swift; sourceTree = "<group>"; };
		E0C185A4237F666800AD9983 /* Base */ = {isa = PBXFileReference; lastKnownFileType = file.storyboard; name = Base; path = Base.lproj/Main.storyboard; sourceTree = "<group>"; };
		E0C185A6237F666900AD9983 /* Assets.xcassets */ = {isa = PBXFileReference; lastKnownFileType = folder.assetcatalog; path = Assets.xcassets; sourceTree = "<group>"; };
		E0C185A9237F666900AD9983 /* Base */ = {isa = PBXFileReference; lastKnownFileType = file.storyboard; name = Base; path = Base.lproj/LaunchScreen.storyboard; sourceTree = "<group>"; };
		E0C185AB237F666900AD9983 /* Info.plist */ = {isa = PBXFileReference; lastKnownFileType = text.plist.xml; path = Info.plist; sourceTree = "<group>"; };
		E0C185B0237F666900AD9983 /* HelloCameraTests.xctest */ = {isa = PBXFileReference; explicitFileType = wrapper.cfbundle; includeInIndex = 0; path = HelloCameraTests.xctest; sourceTree = BUILT_PRODUCTS_DIR; };
		E0C185B4237F666900AD9983 /* HelloCameraTests.swift */ = {isa = PBXFileReference; lastKnownFileType = sourcecode.swift; path = HelloCameraTests.swift; sourceTree = "<group>"; };
		E0C185B6237F666900AD9983 /* Info.plist */ = {isa = PBXFileReference; lastKnownFileType = text.plist.xml; path = Info.plist; sourceTree = "<group>"; };
/* End PBXFileReference section */

/* Begin PBXFrameworksBuildPhase section */
		E0C18597237F666800AD9983 /* Frameworks */ = {
			isa = PBXFrameworksBuildPhase;
			buildActionMask = 2147483647;
			files = (
			);
			runOnlyForDeploymentPostprocessing = 0;
		};
		E0C185AD237F666900AD9983 /* Frameworks */ = {
			isa = PBXFrameworksBuildPhase;
			buildActionMask = 2147483647;
			files = (
			);
			runOnlyForDeploymentPostprocessing = 0;
		};
/* End PBXFrameworksBuildPhase section */

/* Begin PBXGroup section */
		E0C18591237F666800AD9983 = {
			isa = PBXGroup;
			children = (
				E0C1859C237F666800AD9983 /* HelloCamera */,
				E0C185B3237F666900AD9983 /* HelloCameraTests */,
				E0C1859B237F666800AD9983 /* Products */,
			);
			sourceTree = "<group>";
		};
		E0C1859B237F666800AD9983 /* Products */ = {
			isa = PBXGroup;
			children = (
				E0C1859A237F666800AD9983 /* HelloCamera.app */,
				E0C185B0237F666900AD9983 /* HelloCameraTests.xctest */,
			);
			name = Products;
			sourceTree = "<group>";
		};
		E0C1859C237F666800AD9983 /* HelloCamera */ = {
			isa = PBXGroup;
			children = (
				E0C1859D237F666800AD9983 /* AppDelegate.swift */,
				E0C1859F237F666800AD9983 /* SceneDelegate.swift */,
				E0C185A1237F666800AD9983 /* ViewController.swift */,
				E0C185A3237F666800AD9983 /* Main.storyboard */,
				E0C185A6237F666900AD9983 /* Assets.xcassets */,
				E0C185A8237F666900AD9983 /* LaunchScreen.storyboard */,
				E0C185AB237F666900AD9983 /* Info.plist */,
			);
			path = HelloCamera;
			sourceTree = "<group>";
		};
		E0C185B3237F666900AD9983 /* HelloCameraTests */ = {
			isa = PBXGroup;
			children = (
				E0C185B4237F666900AD9983 /* HelloCameraTests.swift */,
				E0C185B6237F666900AD9983 /* Info.plist */,
			);
			path = HelloCameraTests;
			sourceTree = "<group>";
		};
/* End PBXGroup section */

/* Begin PBXNativeTarget section */
		E0C18599237F666800AD9983 /* HelloCamera */ = {
			isa = PBXNativeTarget;
			buildConfigurationList = E0C185B9237F666900AD9983 /* Build configuration list for PBXNativeTarget "HelloCamera" */;
			buildPhases = (
				E0C18596237F666800AD9983 /* Sources */,
				E0C18597237F666800AD9983 /* Frameworks */,
				E0C18598237F666800AD9983 /* Resources */,
			);
			buildRules = (
			);
			dependencies = (
			);
			name = HelloCamera;
			productName = HelloCamera;
			productReference = E0C1859A237F666800AD9983 /* HelloCamera.app */;
			productType = "com.apple.product-type.application";
		};
		E0C185AF237F666900AD9983 /* HelloCameraTests */ = {
			isa = PBXNativeTarget;
			buildConfigurationList = E0C185BC237F666900AD9983 /* Build configuration list for PBXNativeTarget "HelloCameraTests" */;
			buildPhases = (
				E0C185AC237F666900AD9983 /* Sources */,
				E0C185AD237F666900AD9983 /* Frameworks */,
				E0C185AE237F666900AD9983 /* Resources */,
			);
			buildRules = (
			);
			dependencies = (
				E0C185B2237F666900AD9983 /* PBXTargetDependency */,
			);
			name = HelloCameraTests;
			productName = HelloCameraTests;
			productReference = E0C185B0237F666900AD9983 /* HelloCameraTests.xctest */;
			productType = "com.apple.product-type.bundle.unit-test";
		};
/* End PBXNativeTarget section */

/* Begin PBXProject section */
		E0C18592237F666800AD9983 /* Project object */ = {
			isa = PBXProject;
			attributes = {
				LastSwiftUpdateCheck = 1120;
				LastUpgradeCheck = 1120;
				ORGANIZATIONNAME = 3zcurdia;
				TargetAttributes = {
					E0C18599237F666800AD9983 = {
						CreatedOnToolsVersion = 11.2.1;
					};
					E0C185AF237F666900AD9983 = {
						CreatedOnToolsVersion = 11.2.1;
						TestTargetID = E0C18599237F666800AD9983;
					};
				};
			};
			buildConfigurationList = E0C18595237F666800AD9983 /* Build configuration list for PBXProject "HelloCamera" */;
			compatibilityVersion = "Xcode 9.3";
			developmentRegion = en;
			hasScannedForEncodings = 0;
			knownRegions = (
				en,
				Base,
			);
			mainGroup = E0C18591237F666800AD9983;
			productRefGroup = E0C1859B237F666800AD9983 /* Products */;
			projectDirPath = "";
			projectRoot = "";
			targets = (
				E0C18599237F666800AD9983 /* HelloCamera */,
				E0C185AF237F666900AD9983 /* HelloCameraTests */,
			);
		};
/* End PBXProject section */

/* Begin PBXResourcesBuildPhase section */
		E0C18598237F666800AD9983 /* Resources */ = {
			isa = PBXResourcesBuildPhase;
			buildActionMask = 2147483647;
			files = (
				E0C185AA237F666900AD9983 /* LaunchScreen.storyboard in Resources */,
				E0C185A7237F666900AD9983 /* Assets.xcassets in Resources */,
				E0C185A5237F666800AD9983 /* Main.storyboard in Resources */,
			);
			runOnlyForDeploymentPostprocessing = 0;
		};
		E0C185AE237F666900AD9983 /* Resources */ = {
			isa = PBXResourcesBuildPhase;
			buildActionMask = 2147483647;
			files = (
			);
			runOnlyForDeploymentPostprocessing = 0;
		};
/* End PBXResourcesBuildPhase section */

/* Begin PBXSourcesBuildPhase section */
		E0C18596237F666800AD9983 /* Sources */ = {
			isa = PBXSourcesBuildPhase;
			buildActionMask = 2147483647;
			files = (
				E0C185A2237F666800AD9983 /* ViewController.swift in Sources */,
				E0C1859E237F666800AD9983 /* AppDelegate.swift in Sources */,
				E0C185A0237F666800AD9983 /* SceneDelegate.swift in Sources */,
			);
			runOnlyForDeploymentPostprocessing = 0;
		};
		E0C185AC237F666900AD9983 /* Sources */ = {
			isa = PBXSourcesBuildPhase;
			buildActionMask = 2147483647;
			files = (
				E0C185B5237F666900AD9983 /* HelloCameraTests.swift in Sources */,
			);
			runOnlyForDeploymentPostprocessing = 0;
		};
/* End PBXSourcesBuildPhase section */

/* Begin PBXTargetDependency section */
		E0C185B2237F666900AD9983 /* PBXTargetDependency */ = {
			isa = PBXTargetDependency;
			target = E0C18599237F666800AD9983 /* HelloCamera */;
			targetProxy = E0C185B1237F666900AD9983 /* PBXContainerItemProxy */;
		};
/* End PBXTargetDependency section */

/* Begin PBXVariantGroup section */
		E0C185A3237F666800AD9983 /* Main.storyboard */ = {
			isa = PBXVariantGroup;
			children = (
				E0C185A4237F666800AD9983 /* Base */,
			);
			name = Main.storyboard;
			sourceTree = "<group>";
		};
		E0C185A8237F666900AD9983 /* LaunchScreen.storyboard */ = {
			isa = PBXVariantGroup;
			children = (
				E0C185A9237F666900AD9983 /* Base */,
			);
			name = LaunchScreen.storyboard;
			sourceTree = "<group>";
		};
/* End PBXVariantGroup section */

/* Begin XCBuildConfiguration section */
		E0C185B7237F666900AD9983 /* Debug */ = {
			isa = XCBuildConfiguration;
			buildSettings = {
				ALWAYS_SEARCH_USER_PATHS = NO;
				CLANG_ANALYZER_NONNULL = YES;
				CLANG_ANALYZER_NUMBER_OBJECT_CONVERSION = YES_AGGRESSIVE;
				CLANG_CXX_LANGUAGE_STANDARD = "gnu++14";
				CLANG_CXX_LIBRARY = "libc++";
				CLANG_ENABLE_MODULES = YES;
				CLANG_ENABLE_OBJC_ARC = YES;
				CLANG_ENABLE_OBJC_WEAK = YES;
				CLANG_WARN_BLOCK_CAPTURE_AUTORELEASING = YES;
				CLANG_WARN_BOOL_CONVERSION = YES;
				CLANG_WARN_COMMA = YES;
				CLANG_WARN_CONSTANT_CONVERSION = YES;
				CLANG_WARN_DEPRECATED_OBJC_IMPLEMENTATIONS = YES;
				CLANG_WARN_DIRECT_OBJC_ISA_USAGE = YES_ERROR;
				CLANG_WARN_DOCUMENTATION_COMMENTS = YES;
				CLANG_WARN_EMPTY_BODY = YES;
				CLANG_WARN_ENUM_CONVERSION = YES;
				CLANG_WARN_INFINITE_RECURSION = YES;
				CLANG_WARN_INT_CONVERSION = YES;
				CLANG_WARN_NON_LITERAL_NULL_CONVERSION = YES;
				CLANG_WARN_OBJC_IMPLICIT_RETAIN_SELF = YES;
				CLANG_WARN_OBJC_LITERAL_CONVERSION = YES;
				CLANG_WARN_OBJC_ROOT_CLASS = YES_ERROR;
				CLANG_WARN_RANGE_LOOP_ANALYSIS = YES;
				CLANG_WARN_STRICT_PROTOTYPES = YES;
				CLANG_WARN_SUSPICIOUS_MOVE = YES;
				CLANG_WARN_UNGUARDED_AVAILABILITY = YES_AGGRESSIVE;
				CLANG_WARN_UNREACHABLE_CODE = YES;
				CLANG_WARN__DUPLICATE_METHOD_MATCH = YES;
				COPY_PHASE_STRIP = NO;
				DEBUG_INFORMATION_FORMAT = dwarf;
				ENABLE_STRICT_OBJC_MSGSEND = YES;
				ENABLE_TESTABILITY = YES;
				GCC_C_LANGUAGE_STANDARD = gnu11;
				GCC_DYNAMIC_NO_PIC = NO;
				GCC_NO_COMMON_BLOCKS = YES;
				GCC_OPTIMIZATION_LEVEL = 0;
				GCC_PREPROCESSOR_DEFINITIONS = (
					"DEBUG=1",
					"$(inherited)",
				);
				GCC_WARN_64_TO_32_BIT_CONVERSION = YES;
				GCC_WARN_ABOUT_RETURN_TYPE = YES_ERROR;
				GCC_WARN_UNDECLARED_SELECTOR = YES;
				GCC_WARN_UNINITIALIZED_AUTOS = YES_AGGRESSIVE;
				GCC_WARN_UNUSED_FUNCTION = YES;
				GCC_WARN_UNUSED_VARIABLE = YES;
				IPHONEOS_DEPLOYMENT_TARGET = 13.2;
				MTL_ENABLE_DEBUG_INFO = INCLUDE_SOURCE;
				MTL_FAST_MATH = YES;
				ONLY_ACTIVE_ARCH = YES;
				SDKROOT = iphoneos;
				SWIFT_ACTIVE_COMPILATION_CONDITIONS = DEBUG;
				SWIFT_OPTIMIZATION_LEVEL = "-Onone";
			};
			name = Debug;
		};
		E0C185B8237F666900AD9983 /* Release */ = {
			isa = XCBuildConfiguration;
			buildSettings = {
				ALWAYS_SEARCH_USER_PATHS = NO;
				CLANG_ANALYZER_NONNULL = YES;
				CLANG_ANALYZER_NUMBER_OBJECT_CONVERSION = YES_AGGRESSIVE;
				CLANG_CXX_LANGUAGE_STANDARD = "gnu++14";
				CLANG_CXX_LIBRARY = "libc++";
				CLANG_ENABLE_MODULES = YES;
				CLANG_ENABLE_OBJC_ARC = YES;
				CLANG_ENABLE_OBJC_WEAK = YES;
				CLANG_WARN_BLOCK_CAPTURE_AUTORELEASING = YES;
				CLANG_WARN_BOOL_CONVERSION = YES;
				CLANG_WARN_COMMA = YES;
				CLANG_WARN_CONSTANT_CONVERSION = YES;
				CLANG_WARN_DEPRECATED_OBJC_IMPLEMENTATIONS = YES;
				CLANG_WARN_DIRECT_OBJC_ISA_USAGE = YES_ERROR;
				CLANG_WARN_DOCUMENTATION_COMMENTS = YES;
				CLANG_WARN_EMPTY_BODY = YES;
				CLANG_WARN_ENUM_CONVERSION = YES;
				CLANG_WARN_INFINITE_RECURSION = YES;
				CLANG_WARN_INT_CONVERSION = YES;
				CLANG_WARN_NON_LITERAL_NULL_CONVERSION = YES;
				CLANG_WARN_OBJC_IMPLICIT_RETAIN_SELF = YES;
				CLANG_WARN_OBJC_LITERAL_CONVERSION = YES;
				CLANG_WARN_OBJC_ROOT_CLASS = YES_ERROR;
				CLANG_WARN_RANGE_LOOP_ANALYSIS = YES;
				CLANG_WARN_STRICT_PROTOTYPES = YES;
				CLANG_WARN_SUSPICIOUS_MOVE = YES;
				CLANG_WARN_UNGUARDED_AVAILABILITY = YES_AGGRESSIVE;
				CLANG_WARN_UNREACHABLE_CODE = YES;
				CLANG_WARN__DUPLICATE_METHOD_MATCH = YES;
				COPY_PHASE_STRIP = NO;
				DEBUG_INFORMATION_FORMAT = "dwarf-with-dsym";
				ENABLE_NS_ASSERTIONS = NO;
				ENABLE_STRICT_OBJC_MSGSEND = YES;
				GCC_C_LANGUAGE_STANDARD = gnu11;
				GCC_NO_COMMON_BLOCKS = YES;
				GCC_WARN_64_TO_32_BIT_CONVERSION = YES;
				GCC_WARN_ABOUT_RETURN_TYPE = YES_ERROR;
				GCC_WARN_UNDECLARED_SELECTOR = YES;
				GCC_WARN_UNINITIALIZED_AUTOS = YES_AGGRESSIVE;
				GCC_WARN_UNUSED_FUNCTION = YES;
				GCC_WARN_UNUSED_VARIABLE = YES;
				IPHONEOS_DEPLOYMENT_TARGET = 13.2;
				MTL_ENABLE_DEBUG_INFO = NO;
				MTL_FAST_MATH = YES;
				SDKROOT = iphoneos;
				SWIFT_COMPILATION_MODE = wholemodule;
				SWIFT_OPTIMIZATION_LEVEL = "-O";
				VALIDATE_PRODUCT = YES;
			};
			name = Release;
		};
		E0C185BA237F666900AD9983 /* Debug */ = {
			isa = XCBuildConfiguration;
			buildSettings = {
				ASSETCATALOG_COMPILER_APPICON_NAME = AppIcon;
				CODE_SIGN_STYLE = Automatic;
				DEVELOPMENT_TEAM = D3XL2U7DQC;
				INFOPLIST_FILE = HelloCamera/Info.plist;
				LD_RUNPATH_SEARCH_PATHS = (
					"$(inherited)",
					"@executable_path/Frameworks",
				);
				PRODUCT_BUNDLE_IDENTIFIER = com.3zcurdia.HelloCamera;
				PRODUCT_NAME = "$(TARGET_NAME)";
				SWIFT_VERSION = 5.0;
				TARGETED_DEVICE_FAMILY = "1,2";
			};
			name = Debug;
		};
		E0C185BB237F666900AD9983 /* Release */ = {
			isa = XCBuildConfiguration;
			buildSettings = {
				ASSETCATALOG_COMPILER_APPICON_NAME = AppIcon;
				CODE_SIGN_STYLE = Automatic;
				DEVELOPMENT_TEAM = D3XL2U7DQC;
				INFOPLIST_FILE = HelloCamera/Info.plist;
				LD_RUNPATH_SEARCH_PATHS = (
					"$(inherited)",
					"@executable_path/Frameworks",
				);
				PRODUCT_BUNDLE_IDENTIFIER = com.3zcurdia.HelloCamera;
				PRODUCT_NAME = "$(TARGET_NAME)";
				SWIFT_VERSION = 5.0;
				TARGETED_DEVICE_FAMILY = "1,2";
			};
			name = Release;
		};
		E0C185BD237F666900AD9983 /* Debug */ = {
			isa = XCBuildConfiguration;
			buildSettings = {
				ALWAYS_EMBED_SWIFT_STANDARD_LIBRARIES = YES;
				BUNDLE_LOADER = "$(TEST_HOST)";
				CODE_SIGN_STYLE = Automatic;
				DEVELOPMENT_TEAM = D3XL2U7DQC;
				INFOPLIST_FILE = HelloCameraTests/Info.plist;
				IPHONEOS_DEPLOYMENT_TARGET = 13.2;
				LD_RUNPATH_SEARCH_PATHS = (
					"$(inherited)",
					"@executable_path/Frameworks",
					"@loader_path/Frameworks",
				);
				PRODUCT_BUNDLE_IDENTIFIER = com.3zcurdia.HelloCameraTests;
				PRODUCT_NAME = "$(TARGET_NAME)";
				SWIFT_VERSION = 5.0;
				TARGETED_DEVICE_FAMILY = "1,2";
				TEST_HOST = "$(BUILT_PRODUCTS_DIR)/HelloCamera.app/HelloCamera";
			};
			name = Debug;
		};
		E0C185BE237F666900AD9983 /* Release */ = {
			isa = XCBuildConfiguration;
			buildSettings = {
				ALWAYS_EMBED_SWIFT_STANDARD_LIBRARIES = YES;
				BUNDLE_LOADER = "$(TEST_HOST)";
				CODE_SIGN_STYLE = Automatic;
				DEVELOPMENT_TEAM = D3XL2U7DQC;
				INFOPLIST_FILE = HelloCameraTests/Info.plist;
				IPHONEOS_DEPLOYMENT_TARGET = 13.2;
				LD_RUNPATH_SEARCH_PATHS = (
					"$(inherited)",
					"@executable_path/Frameworks",
					"@loader_path/Frameworks",
				);
				PRODUCT_BUNDLE_IDENTIFIER = com.3zcurdia.HelloCameraTests;
				PRODUCT_NAME = "$(TARGET_NAME)";
				SWIFT_VERSION = 5.0;
				TARGETED_DEVICE_FAMILY = "1,2";
				TEST_HOST = "$(BUILT_PRODUCTS_DIR)/HelloCamera.app/HelloCamera";
			};
			name = Release;
		};
/* End XCBuildConfiguration section */

/* Begin XCConfigurationList section */
		E0C18595237F666800AD9983 /* Build configuration list for PBXProject "HelloCamera" */ = {
			isa = XCConfigurationList;
			buildConfigurations = (
				E0C185B7237F666900AD9983 /* Debug */,
				E0C185B8237F666900AD9983 /* Release */,
			);
			defaultConfigurationIsVisible = 0;
			defaultConfigurationName = Release;
		};
		E0C185B9237F666900AD9983 /* Build configuration list for PBXNativeTarget "HelloCamera" */ = {
			isa = XCConfigurationList;
			buildConfigurations = (
				E0C185BA237F666900AD9983 /* Debug */,
				E0C185BB237F666900AD9983 /* Release */,
			);
			defaultConfigurationIsVisible = 0;
			defaultConfigurationName = Release;
		};
		E0C185BC237F666900AD9983 /* Build configuration list for PBXNativeTarget "HelloCameraTests" */ = {
			isa = XCConfigurationList;
			buildConfigurations = (
				E0C185BD237F666900AD9983 /* Debug */,
				E0C185BE237F666900AD9983 /* Release */,
			);
			defaultConfigurationIsVisible = 0;
			defaultConfigurationName = Release;
		};
/* End XCConfigurationList section */
	};
	rootObject = E0C18592237F666800AD9983 /* Project object */;
}
